
Microsoft Visual Studio Solution File, Format Version 12.00
# Visual Studio 15
VisualStudioVersion = 15.0.27428.2005
MinimumVisualStudioVersion = 10.0.40219.1
Project("{8BC9CEB8-8B4A-11D0-8D11-00A0C91BC942}") = "fu", "fu\fu.vcxproj", "{7C3E1922-F675-425C-9824-612A4A1AF1A0}"
EndProject
Global
	GlobalSection(SolutionConfigurationPlatforms) = preSolution
		Debug|x64 = Debug|x64
		Debug|x86 = Debug|x86
		Release|x64 = Release|x64
		Release|x86 = Release|x86
	EndGlobalSection
	GlobalSection(ProjectConfigurationPlatforms) = postSolution
		{7C3E1922-F675-425C-9824-612A4A1AF1A0}.Debug|x64.ActiveCfg = Debug|x64
		{7C3E1922-F675-425C-9824-612A4A1AF1A0}.Debug|x64.Build.0 = Debug|x64
		{7C3E1922-F675-425C-9824-612A4A1AF1A0}.Debug|x86.ActiveCfg = Debug|Win32
		{7C3E1922-F675-425C-9824-612A4A1AF1A0}.Debug|x86.Build.0 = Debug|Win32
		{7C3E1922-F675-425C-9824-612A4A1AF1A0}.Release|x64.ActiveCfg = Release|x64
		{7C3E1922-F675-425C-9824-612A4A1AF1A0}.Release|x64.Build.0 = Release|x64
		{7C3E1922-F675-425C-9824-612A4A1AF1A0}.Release|x86.ActiveCfg = Release|Win32
		{7C3E1922-F675-425C-9824-612A4A1AF1A0}.Release|x86.Build.0 = Release|Win32
	EndGlobalSection
	GlobalSection(SolutionProperties) = preSolution
		HideSolutionNode = FALSE
	EndGlobalSection
	GlobalSection(ExtensibilityGlobals) = postSolution
		SolutionGuid = {0893DF63-8895-495C-A458-65D686FC4383}
	EndGlobalSection
EndGlobal
